
Microsoft Visual Studio Solution File, Format Version 12.00
# Visual Studio 15
VisualStudioVersion = 15.0.28307.1622
MinimumVisualStudioVersion = 10.0.40219.1
Project("{FAE04EC0-301F-11D3-BF4B-00C04F79EFBC}") = "Grammar", "Grammar\Grammar.csproj", "{98CD4D61-C8EB-4DA6-8982-C9A25D4E7F90}"
EndProject
Global
	GlobalSection(SolutionConfigurationPlatforms) = preSolution
		Debug|Any CPU = Debug|Any CPU
		Release|Any CPU = Release|Any CPU
	EndGlobalSection
	GlobalSection(ProjectConfigurationPlatforms) = postSolution
		{98CD4D61-C8EB-4DA6-8982-C9A25D4E7F90}.Debug|Any CPU.ActiveCfg = Debug|Any CPU
		{98CD4D61-C8EB-4DA6-8982-C9A25D4E7F90}.Debug|Any CPU.Build.0 = Debug|Any CPU
		{98CD4D61-C8EB-4DA6-8982-C9A25D4E7F90}.Release|Any CPU.ActiveCfg = Release|Any CPU
		{98CD4D61-C8EB-4DA6-8982-C9A25D4E7F90}.Release|Any CPU.Build.0 = Release|Any CPU
	EndGlobalSection
	GlobalSection(SolutionProperties) = preSolution
		HideSolutionNode = FALSE
	EndGlobalSection
	GlobalSection(ExtensibilityGlobals) = postSolution
		SolutionGuid = {B4957101-C937-4FC4-89A0-1269D2DBF5B2}
	EndGlobalSection
EndGlobal
